
Microsoft Visual Studio Solution File, Format Version 12.00
# Visual Studio Version 17
VisualStudioVersion = 17.0.31903.59
MinimumVisualStudioVersion = 10.0.40219.1
Project("{FAE04EC0-301F-11D3-BF4B-00C04F79EFBC}") = "Restaurants.API", "Restaurants.API\Restaurants.API.csproj", "{C51EE703-A3FE-4B98-A1DC-6A8A82FAC880}"
EndProject
Project("{FAE04EC0-301F-11D3-BF4B-00C04F79EFBC}") = "Restaurants.Domain", "Restaurants.Domain\Restaurants.Domain.csproj", "{A6C7DDE0-82F5-4FF4-AB97-2B93B812CF92}"
EndProject
Project("{FAE04EC0-301F-11D3-BF4B-00C04F79EFBC}") = "Restaurants.Application", "Restaurants.Application\Restaurants.Application.csproj", "{EA18C124-9EEC-466A-8965-CA4E9F461249}"
EndProject
Project("{FAE04EC0-301F-11D3-BF4B-00C04F79EFBC}") = "Restaurants.Infrastructure", "Restaurants.Infrastructure\Restaurants.Infrastructure.csproj", "{D94E5AA8-94E7-42FD-9779-C3DDA0146AF6}"
EndProject
Project("{FAE04EC0-301F-11D3-BF4B-00C04F79EFBC}") = "Restaurants.Application.Tests", "Restaurants.Application.Tests\Restaurants.Application.Tests.csproj", "{168CDE7D-B112-4993-B86D-ADFB3231544D}"
EndProject
Project("{FAE04EC0-301F-11D3-BF4B-00C04F79EFBC}") = "Restaurants.Infrastructure.Tests", "Restaurants.Infrastructure.Tests\Restaurants.Infrastructure.Tests.csproj", "{BB0AA990-A225-4D9F-8FB5-3D840D9EBBAB}"
EndProject
Project("{FAE04EC0-301F-11D3-BF4B-00C04F79EFBC}") = "Restaurants.API.Tests", "Restaurants.API.Tests\Restaurants.API.Tests.csproj", "{F176DBE1-2729-4CBE-AC43-DA0F541598FD}"
EndProject
Project("{2150E333-8FDC-42A3-9474-1A3956D46DE8}") = "tests", "tests", "{41C6D0EE-C442-48A0-BA33-39FEF765A0C1}"
EndProject
Project("{2150E333-8FDC-42A3-9474-1A3956D46DE8}") = "src", "src", "{FC76579D-E88F-495B-A080-5B098F612D57}"
EndProject
Global
	GlobalSection(SolutionConfigurationPlatforms) = preSolution
		Debug|Any CPU = Debug|Any CPU
		Debug|x64 = Debug|x64
		Debug|x86 = Debug|x86
		Release|Any CPU = Release|Any CPU
		Release|x64 = Release|x64
		Release|x86 = Release|x86
	EndGlobalSection
	GlobalSection(ProjectConfigurationPlatforms) = postSolution
		{C51EE703-A3FE-4B98-A1DC-6A8A82FAC880}.Debug|Any CPU.ActiveCfg = Debug|Any CPU
		{C51EE703-A3FE-4B98-A1DC-6A8A82FAC880}.Debug|Any CPU.Build.0 = Debug|Any CPU
		{C51EE703-A3FE-4B98-A1DC-6A8A82FAC880}.Debug|x64.ActiveCfg = Debug|Any CPU
		{C51EE703-A3FE-4B98-A1DC-6A8A82FAC880}.Debug|x64.Build.0 = Debug|Any CPU
		{C51EE703-A3FE-4B98-A1DC-6A8A82FAC880}.Debug|x86.ActiveCfg = Debug|Any CPU
		{C51EE703-A3FE-4B98-A1DC-6A8A82FAC880}.Debug|x86.Build.0 = Debug|Any CPU
		{C51EE703-A3FE-4B98-A1DC-6A8A82FAC880}.Release|Any CPU.ActiveCfg = Release|Any CPU
		{C51EE703-A3FE-4B98-A1DC-6A8A82FAC880}.Release|Any CPU.Build.0 = Release|Any CPU
		{C51EE703-A3FE-4B98-A1DC-6A8A82FAC880}.Release|x64.ActiveCfg = Release|Any CPU
		{C51EE703-A3FE-4B98-A1DC-6A8A82FAC880}.Release|x64.Build.0 = Release|Any CPU
		{C51EE703-A3FE-4B98-A1DC-6A8A82FAC880}.Release|x86.ActiveCfg = Release|Any CPU
		{C51EE703-A3FE-4B98-A1DC-6A8A82FAC880}.Release|x86.Build.0 = Release|Any CPU
		{A6C7DDE0-82F5-4FF4-AB97-2B93B812CF92}.Debug|Any CPU.ActiveCfg = Debug|Any CPU
		{A6C7DDE0-82F5-4FF4-AB97-2B93B812CF92}.Debug|Any CPU.Build.0 = Debug|Any CPU
		{A6C7DDE0-82F5-4FF4-AB97-2B93B812CF92}.Debug|x64.ActiveCfg = Debug|Any CPU
		{A6C7DDE0-82F5-4FF4-AB97-2B93B812CF92}.Debug|x64.Build.0 = Debug|Any CPU
		{A6C7DDE0-82F5-4FF4-AB97-2B93B812CF92}.Debug|x86.ActiveCfg = Debug|Any CPU
		{A6C7DDE0-82F5-4FF4-AB97-2B93B812CF92}.Debug|x86.Build.0 = Debug|Any CPU
		{A6C7DDE0-82F5-4FF4-AB97-2B93B812CF92}.Release|Any CPU.ActiveCfg = Release|Any CPU
		{A6C7DDE0-82F5-4FF4-AB97-2B93B812CF92}.Release|Any CPU.Build.0 = Release|Any CPU
		{A6C7DDE0-82F5-4FF4-AB97-2B93B812CF92}.Release|x64.ActiveCfg = Release|Any CPU
		{A6C7DDE0-82F5-4FF4-AB97-2B93B812CF92}.Release|x64.Build.0 = Release|Any CPU
		{A6C7DDE0-82F5-4FF4-AB97-2B93B812CF92}.Release|x86.ActiveCfg = Release|Any CPU
		{A6C7DDE0-82F5-4FF4-AB97-2B93B812CF92}.Release|x86.Build.0 = Release|Any CPU
		{EA18C124-9EEC-466A-8965-CA4E9F461249}.Debug|Any CPU.ActiveCfg = Debug|Any CPU
		{EA18C124-9EEC-466A-8965-CA4E9F461249}.Debug|Any CPU.Build.0 = Debug|Any CPU
		{EA18C124-9EEC-466A-8965-CA4E9F461249}.Debug|x64.ActiveCfg = Debug|Any CPU
		{EA18C124-9EEC-466A-8965-CA4E9F461249}.Debug|x64.Build.0 = Debug|Any CPU
		{EA18C124-9EEC-466A-8965-CA4E9F461249}.Debug|x86.ActiveCfg = Debug|Any CPU
		{EA18C124-9EEC-466A-8965-CA4E9F461249}.Debug|x86.Build.0 = Debug|Any CPU
		{EA18C124-9EEC-466A-8965-CA4E9F461249}.Release|Any CPU.ActiveCfg = Release|Any CPU
		{EA18C124-9EEC-466A-8965-CA4E9F461249}.Release|Any CPU.Build.0 = Release|Any CPU
		{EA18C124-9EEC-466A-8965-CA4E9F461249}.Release|x64.ActiveCfg = Release|Any CPU
		{EA18C124-9EEC-466A-8965-CA4E9F461249}.Release|x64.Build.0 = Release|Any CPU
		{EA18C124-9EEC-466A-8965-CA4E9F461249}.Release|x86.ActiveCfg = Release|Any CPU
		{EA18C124-9EEC-466A-8965-CA4E9F461249}.Release|x86.Build.0 = Release|Any CPU
		{D94E5AA8-94E7-42FD-9779-C3DDA0146AF6}.Debug|Any CPU.ActiveCfg = Debug|Any CPU
		{D94E5AA8-94E7-42FD-9779-C3DDA0146AF6}.Debug|Any CPU.Build.0 = Debug|Any CPU
		{D94E5AA8-94E7-42FD-9779-C3DDA0146AF6}.Debug|x64.ActiveCfg = Debug|Any CPU
		{D94E5AA8-94E7-42FD-9779-C3DDA0146AF6}.Debug|x64.Build.0 = Debug|Any CPU
		{D94E5AA8-94E7-42FD-9779-C3DDA0146AF6}.Debug|x86.ActiveCfg = Debug|Any CPU
		{D94E5AA8-94E7-42FD-9779-C3DDA0146AF6}.Debug|x86.Build.0 = Debug|Any CPU
		{D94E5AA8-94E7-42FD-9779-C3DDA0146AF6}.Release|Any CPU.ActiveCfg = Release|Any CPU
		{D94E5AA8-94E7-42FD-9779-C3DDA0146AF6}.Release|Any CPU.Build.0 = Release|Any CPU
		{D94E5AA8-94E7-42FD-9779-C3DDA0146AF6}.Release|x64.ActiveCfg = Release|Any CPU
		{D94E5AA8-94E7-42FD-9779-C3DDA0146AF6}.Release|x64.Build.0 = Release|Any CPU
		{D94E5AA8-94E7-42FD-9779-C3DDA0146AF6}.Release|x86.ActiveCfg = Release|Any CPU
		{D94E5AA8-94E7-42FD-9779-C3DDA0146AF6}.Release|x86.Build.0 = Release|Any CPU
		{168CDE7D-B112-4993-B86D-ADFB3231544D}.Debug|Any CPU.ActiveCfg = Debug|Any CPU
		{168CDE7D-B112-4993-B86D-ADFB3231544D}.Debug|Any CPU.Build.0 = Debug|Any CPU
		{168CDE7D-B112-4993-B86D-ADFB3231544D}.Debug|x64.ActiveCfg = Debug|Any CPU
		{168CDE7D-B112-4993-B86D-ADFB3231544D}.Debug|x64.Build.0 = Debug|Any CPU
		{168CDE7D-B112-4993-B86D-ADFB3231544D}.Debug|x86.ActiveCfg = Debug|Any CPU
		{168CDE7D-B112-4993-B86D-ADFB3231544D}.Debug|x86.Build.0 = Debug|Any CPU
		{168CDE7D-B112-4993-B86D-ADFB3231544D}.Release|Any CPU.ActiveCfg = Release|Any CPU
		{168CDE7D-B112-4993-B86D-ADFB3231544D}.Release|Any CPU.Build.0 = Release|Any CPU
		{168CDE7D-B112-4993-B86D-ADFB3231544D}.Release|x64.ActiveCfg = Release|Any CPU
		{168CDE7D-B112-4993-B86D-ADFB3231544D}.Release|x64.Build.0 = Release|Any CPU
		{168CDE7D-B112-4993-B86D-ADFB3231544D}.Release|x86.ActiveCfg = Release|Any CPU
		{168CDE7D-B112-4993-B86D-ADFB3231544D}.Release|x86.Build.0 = Release|Any CPU
		{BB0AA990-A225-4D9F-8FB5-3D840D9EBBAB}.Debug|Any CPU.ActiveCfg = Debug|Any CPU
		{BB0AA990-A225-4D9F-8FB5-3D840D9EBBAB}.Debug|Any CPU.Build.0 = Debug|Any CPU
		{BB0AA990-A225-4D9F-8FB5-3D840D9EBBAB}.Debug|x64.ActiveCfg = Debug|Any CPU
		{BB0AA990-A225-4D9F-8FB5-3D840D9EBBAB}.Debug|x64.Build.0 = Debug|Any CPU
		{BB0AA990-A225-4D9F-8FB5-3D840D9EBBAB}.Debug|x86.ActiveCfg = Debug|Any CPU
		{BB0AA990-A225-4D9F-8FB5-3D840D9EBBAB}.Debug|x86.Build.0 = Debug|Any CPU
		{BB0AA990-A225-4D9F-8FB5-3D840D9EBBAB}.Release|Any CPU.ActiveCfg = Release|Any CPU
		{BB0AA990-A225-4D9F-8FB5-3D840D9EBBAB}.Release|Any CPU.Build.0 = Release|Any CPU
		{BB0AA990-A225-4D9F-8FB5-3D840D9EBBAB}.Release|x64.ActiveCfg = Release|Any CPU
		{BB0AA990-A225-4D9F-8FB5-3D840D9EBBAB}.Release|x64.Build.0 = Release|Any CPU
		{BB0AA990-A225-4D9F-8FB5-3D840D9EBBAB}.Release|x86.ActiveCfg = Release|Any CPU
		{BB0AA990-A225-4D9F-8FB5-3D840D9EBBAB}.Release|x86.Build.0 = Release|Any CPU
		{F176DBE1-2729-4CBE-AC43-DA0F541598FD}.Debug|Any CPU.ActiveCfg = Debug|Any CPU
		{F176DBE1-2729-4CBE-AC43-DA0F541598FD}.Debug|Any CPU.Build.0 = Debug|Any CPU
		{F176DBE1-2729-4CBE-AC43-DA0F541598FD}.Debug|x64.ActiveCfg = Debug|Any CPU
		{F176DBE1-2729-4CBE-AC43-DA0F541598FD}.Debug|x64.Build.0 = Debug|Any CPU
		{F176DBE1-2729-4CBE-AC43-DA0F541598FD}.Debug|x86.ActiveCfg = Debug|Any CPU
		{F176DBE1-2729-4CBE-AC43-DA0F541598FD}.Debug|x86.Build.0 = Debug|Any CPU
		{F176DBE1-2729-4CBE-AC43-DA0F541598FD}.Release|Any CPU.ActiveCfg = Release|Any CPU
		{F176DBE1-2729-4CBE-AC43-DA0F541598FD}.Release|Any CPU.Build.0 = Release|Any CPU
		{F176DBE1-2729-4CBE-AC43-DA0F541598FD}.Release|x64.ActiveCfg = Release|Any CPU
		{F176DBE1-2729-4CBE-AC43-DA0F541598FD}.Release|x64.Build.0 = Release|Any CPU
		{F176DBE1-2729-4CBE-AC43-DA0F541598FD}.Release|x86.ActiveCfg = Release|Any CPU
		{F176DBE1-2729-4CBE-AC43-DA0F541598FD}.Release|x86.Build.0 = Release|Any CPU
	EndGlobalSection
	GlobalSection(SolutionProperties) = preSolution
		HideSolutionNode = FALSE
	EndGlobalSection
	GlobalSection(NestedProjects) = preSolution
		{F176DBE1-2729-4CBE-AC43-DA0F541598FD} = {41C6D0EE-C442-48A0-BA33-39FEF765A0C1}
		{168CDE7D-B112-4993-B86D-ADFB3231544D} = {41C6D0EE-C442-48A0-BA33-39FEF765A0C1}
		{BB0AA990-A225-4D9F-8FB5-3D840D9EBBAB} = {41C6D0EE-C442-48A0-BA33-39FEF765A0C1}
		{C51EE703-A3FE-4B98-A1DC-6A8A82FAC880} = {FC76579D-E88F-495B-A080-5B098F612D57}
		{EA18C124-9EEC-466A-8965-CA4E9F461249} = {FC76579D-E88F-495B-A080-5B098F612D57}
		{A6C7DDE0-82F5-4FF4-AB97-2B93B812CF92} = {FC76579D-E88F-495B-A080-5B098F612D57}
		{D94E5AA8-94E7-42FD-9779-C3DDA0146AF6} = {FC76579D-E88F-495B-A080-5B098F612D57}
	EndGlobalSection
EndGlobal
